
Microsoft Visual Studio Solution File, Format Version 12.00
# Visual Studio 15
VisualStudioVersion = 15.0.27130.2027
MinimumVisualStudioVersion = 10.0.40219.1
Project("{FAE04EC0-301F-11D3-BF4B-00C04F79EFBC}") = "Loader", "Loader\Loader.csproj", "{D8250AE2-DE43-410D-845F-B75396344507}"
EndProject
Global
	GlobalSection(SolutionConfigurationPlatforms) = preSolution
		Debug|Any CPU = Debug|Any CPU
		Debug|x86 = Debug|x86
		Release|Any CPU = Release|Any CPU
		Release|x86 = Release|x86
	EndGlobalSection
	GlobalSection(ProjectConfigurationPlatforms) = postSolution
		{D8250AE2-DE43-410D-845F-B75396344507}.Debug|Any CPU.ActiveCfg = Debug|Any CPU
		{D8250AE2-DE43-410D-845F-B75396344507}.Debug|Any CPU.Build.0 = Debug|Any CPU
		{D8250AE2-DE43-410D-845F-B75396344507}.Debug|x86.ActiveCfg = Debug|x86
		{D8250AE2-DE43-410D-845F-B75396344507}.Debug|x86.Build.0 = Debug|x86
		{D8250AE2-DE43-410D-845F-B75396344507}.Release|Any CPU.ActiveCfg = Release|Any CPU
		{D8250AE2-DE43-410D-845F-B75396344507}.Release|Any CPU.Build.0 = Release|Any CPU
		{D8250AE2-DE43-410D-845F-B75396344507}.Release|x86.ActiveCfg = Release|x86
		{D8250AE2-DE43-410D-845F-B75396344507}.Release|x86.Build.0 = Release|x86
	EndGlobalSection
	GlobalSection(SolutionProperties) = preSolution
		HideSolutionNode = FALSE
	EndGlobalSection
	GlobalSection(ExtensibilityGlobals) = postSolution
		SolutionGuid = {2E5BE389-B959-430E-96C4-49968E708C13}
	EndGlobalSection
EndGlobal
